<?xml version="1.0" encoding="utf-8"?>
<Project ToolsVersion="4.0" xmlns="http://schemas.microsoft.com/developer/msbuild/2003">
  <ItemGroup>
    <Filter Include="Generated Files">
      <UniqueIdentifier>{d5dfe843-633d-41f4-83df-9ea2c5d36982}</UniqueIdentifier>
    </Filter>
    <Filter Include="Source Files">
      <UniqueIdentifier>{9f7bf5c1-b508-4d83-bba9-7d85435278fe}</UniqueIdentifier>
    </Filter>
    <Filter Include="Header Files">
      <UniqueIdentifier>{93995380-89BD-4b04-88EB-625FBE52EBFB}</UniqueIdentifier>
      <Extensions>h;hh;hpp;hxx;hm;inl;inc;xsd</Extensions>
    </Filter>
  </ItemGroup>
  <ItemGroup>
    <ClInclude Include="Enclave_u.h">
      <Filter>Generated Files</Filter>
    </ClInclude>
    <ClInclude Include="Clave.h">
      <Filter>Header Files</Filter>
    </ClInclude>
    <ClInclude Include="Chain.h">
      <Filter>Header Files</Filter>
    </ClInclude>
    <ClInclude Include="env.h">
      <Filter>Header Files</Filter>
    </ClInclude>
  </ItemGroup>
  <ItemGroup>
    <ClCompile Include="Enclave_u.c">
      <Filter>Generated Files</Filter>
    </ClCompile>
    <ClCompile Include="Clave.cpp">
      <Filter>Source Files</Filter>
    </ClCompile>
    <ClCompile Include="App.cpp">
      <Filter>Source Files</Filter>
    </ClCompile>
    <ClCompile Include="Chain.cpp">
      <Filter>Source Files</Filter>
    </ClCompile>
    <ClCompile Include="mbedtls_sgx_u_net.c">
      <Filter>Source Files</Filter>
    </ClCompile>
    <ClCompile Include="mbedtls_sgx_u_std.c">
      <Filter>Source Files</Filter>
    </ClCompile>
  </ItemGroup>
  <ItemGroup>
    <CustomBuild Include="..\Enclave\Enclave.edl">
      <Filter>Source Files</Filter>
    </CustomBuild>
  </ItemGroup>
</Project>